
Microsoft Visual Studio Solution File, Format Version 12.00
# Visual Studio Version 17
VisualStudioVersion = 17.0.32112.339
MinimumVisualStudioVersion = 10.0.40219.1
Project("{FAE04EC0-301F-11D3-BF4B-00C04F79EFBC}") = "Asp.Net.Identity.api", "Asp.Net.Identity.api\Asp.Net.Identity.api.csproj", "{F31B7659-B5F7-498C-ACD6-AE3803780FE0}"
EndProject
Global
	GlobalSection(SolutionConfigurationPlatforms) = preSolution
		Debug|Any CPU = Debug|Any CPU
		Release|Any CPU = Release|Any CPU
	EndGlobalSection
	GlobalSection(ProjectConfigurationPlatforms) = postSolution
		{F31B7659-B5F7-498C-ACD6-AE3803780FE0}.Debug|Any CPU.ActiveCfg = Debug|Any CPU
		{F31B7659-B5F7-498C-ACD6-AE3803780FE0}.Debug|Any CPU.Build.0 = Debug|Any CPU
		{F31B7659-B5F7-498C-ACD6-AE3803780FE0}.Release|Any CPU.ActiveCfg = Release|Any CPU
		{F31B7659-B5F7-498C-ACD6-AE3803780FE0}.Release|Any CPU.Build.0 = Release|Any CPU
	EndGlobalSection
	GlobalSection(SolutionProperties) = preSolution
		HideSolutionNode = FALSE
	EndGlobalSection
	GlobalSection(ExtensibilityGlobals) = postSolution
		SolutionGuid = {4FAF0D86-44A1-435C-8E51-B9289A3F7498}
	EndGlobalSection
EndGlobal
