
Microsoft Visual Studio Solution File, Format Version 12.00
# Visual Studio Version 17
VisualStudioVersion = 17.0.32112.339
MinimumVisualStudioVersion = 10.0.40219.1
Project("{9A19103F-16F7-4668-BE54-9A1E7A4F7556}") = "Asp.Net.Identity.api", "Asp.Net.Identity.api\Asp.Net.Identity.api.csproj", "{F31B7659-B5F7-498C-ACD6-AE3803780FE0}"
EndProject
Project("{9A19103F-16F7-4668-BE54-9A1E7A4F7556}") = "Asp.Net.Identity.shared", "Asp.Net.Identity.shared\Asp.Net.Identity.shared.csproj", "{45143224-8676-46FB-859B-2DD7F1FBEDED}"
EndProject
Global
	GlobalSection(SolutionConfigurationPlatforms) = preSolution
		Debug|Any CPU = Debug|Any CPU
		Debug|ARM = Debug|ARM
		Debug|ARM64 = Debug|ARM64
		Debug|x64 = Debug|x64
		Debug|x86 = Debug|x86
		Release|Any CPU = Release|Any CPU
		Release|ARM = Release|ARM
		Release|ARM64 = Release|ARM64
		Release|x64 = Release|x64
		Release|x86 = Release|x86
	EndGlobalSection
	GlobalSection(ProjectConfigurationPlatforms) = postSolution
		{F31B7659-B5F7-498C-ACD6-AE3803780FE0}.Debug|Any CPU.ActiveCfg = Debug|Any CPU
		{F31B7659-B5F7-498C-ACD6-AE3803780FE0}.Debug|Any CPU.Build.0 = Debug|Any CPU
		{F31B7659-B5F7-498C-ACD6-AE3803780FE0}.Debug|ARM.ActiveCfg = Debug|Any CPU
		{F31B7659-B5F7-498C-ACD6-AE3803780FE0}.Debug|ARM.Build.0 = Debug|Any CPU
		{F31B7659-B5F7-498C-ACD6-AE3803780FE0}.Debug|ARM64.ActiveCfg = Debug|Any CPU
		{F31B7659-B5F7-498C-ACD6-AE3803780FE0}.Debug|ARM64.Build.0 = Debug|Any CPU
		{F31B7659-B5F7-498C-ACD6-AE3803780FE0}.Debug|x64.ActiveCfg = Debug|Any CPU
		{F31B7659-B5F7-498C-ACD6-AE3803780FE0}.Debug|x64.Build.0 = Debug|Any CPU
		{F31B7659-B5F7-498C-ACD6-AE3803780FE0}.Debug|x86.ActiveCfg = Debug|Any CPU
		{F31B7659-B5F7-498C-ACD6-AE3803780FE0}.Debug|x86.Build.0 = Debug|Any CPU
		{F31B7659-B5F7-498C-ACD6-AE3803780FE0}.Release|Any CPU.ActiveCfg = Release|Any CPU
		{F31B7659-B5F7-498C-ACD6-AE3803780FE0}.Release|Any CPU.Build.0 = Release|Any CPU
		{F31B7659-B5F7-498C-ACD6-AE3803780FE0}.Release|ARM.ActiveCfg = Release|Any CPU
		{F31B7659-B5F7-498C-ACD6-AE3803780FE0}.Release|ARM.Build.0 = Release|Any CPU
		{F31B7659-B5F7-498C-ACD6-AE3803780FE0}.Release|ARM64.ActiveCfg = Release|Any CPU
		{F31B7659-B5F7-498C-ACD6-AE3803780FE0}.Release|ARM64.Build.0 = Release|Any CPU
		{F31B7659-B5F7-498C-ACD6-AE3803780FE0}.Release|x64.ActiveCfg = Release|Any CPU
		{F31B7659-B5F7-498C-ACD6-AE3803780FE0}.Release|x64.Build.0 = Release|Any CPU
		{F31B7659-B5F7-498C-ACD6-AE3803780FE0}.Release|x86.ActiveCfg = Release|Any CPU
		{F31B7659-B5F7-498C-ACD6-AE3803780FE0}.Release|x86.Build.0 = Release|Any CPU
		{45143224-8676-46FB-859B-2DD7F1FBEDED}.Debug|Any CPU.ActiveCfg = Debug|Any CPU
		{45143224-8676-46FB-859B-2DD7F1FBEDED}.Debug|Any CPU.Build.0 = Debug|Any CPU
		{45143224-8676-46FB-859B-2DD7F1FBEDED}.Debug|ARM.ActiveCfg = Debug|Any CPU
		{45143224-8676-46FB-859B-2DD7F1FBEDED}.Debug|ARM.Build.0 = Debug|Any CPU
		{45143224-8676-46FB-859B-2DD7F1FBEDED}.Debug|ARM64.ActiveCfg = Debug|Any CPU
		{45143224-8676-46FB-859B-2DD7F1FBEDED}.Debug|ARM64.Build.0 = Debug|Any CPU
		{45143224-8676-46FB-859B-2DD7F1FBEDED}.Debug|x64.ActiveCfg = Debug|Any CPU
		{45143224-8676-46FB-859B-2DD7F1FBEDED}.Debug|x64.Build.0 = Debug|Any CPU
		{45143224-8676-46FB-859B-2DD7F1FBEDED}.Debug|x86.ActiveCfg = Debug|Any CPU
		{45143224-8676-46FB-859B-2DD7F1FBEDED}.Debug|x86.Build.0 = Debug|Any CPU
		{45143224-8676-46FB-859B-2DD7F1FBEDED}.Release|Any CPU.ActiveCfg = Release|Any CPU
		{45143224-8676-46FB-859B-2DD7F1FBEDED}.Release|Any CPU.Build.0 = Release|Any CPU
		{45143224-8676-46FB-859B-2DD7F1FBEDED}.Release|ARM.ActiveCfg = Release|Any CPU
		{45143224-8676-46FB-859B-2DD7F1FBEDED}.Release|ARM.Build.0 = Release|Any CPU
		{45143224-8676-46FB-859B-2DD7F1FBEDED}.Release|ARM64.ActiveCfg = Release|Any CPU
		{45143224-8676-46FB-859B-2DD7F1FBEDED}.Release|ARM64.Build.0 = Release|Any CPU
		{45143224-8676-46FB-859B-2DD7F1FBEDED}.Release|x64.ActiveCfg = Release|Any CPU
		{45143224-8676-46FB-859B-2DD7F1FBEDED}.Release|x64.Build.0 = Release|Any CPU
		{45143224-8676-46FB-859B-2DD7F1FBEDED}.Release|x86.ActiveCfg = Release|Any CPU
		{45143224-8676-46FB-859B-2DD7F1FBEDED}.Release|x86.Build.0 = Release|Any CPU
	EndGlobalSection
	GlobalSection(SolutionProperties) = preSolution
		HideSolutionNode = FALSE
	EndGlobalSection
	GlobalSection(ExtensibilityGlobals) = postSolution
		SolutionGuid = {4FAF0D86-44A1-435C-8E51-B9289A3F7498}
	EndGlobalSection
EndGlobal
